
Microsoft Visual Studio Solution File, Format Version 12.00
# Visual Studio 15
VisualStudioVersion = 15.0.28010.2016
MinimumVisualStudioVersion = 10.0.40219.1
Project("{FAE04EC0-301F-11D3-BF4B-00C04F79EFBC}") = "TestProjet", "TestProjet\TestProjet.csproj", "{B833C855-7FA2-4B53-87E6-4184F3FB7F0B}"
EndProject
Global
	GlobalSection(SolutionConfigurationPlatforms) = preSolution
		Debug|Any CPU = Debug|Any CPU
		Release|Any CPU = Release|Any CPU
	EndGlobalSection
	GlobalSection(ProjectConfigurationPlatforms) = postSolution
		{B833C855-7FA2-4B53-87E6-4184F3FB7F0B}.Debug|Any CPU.ActiveCfg = Debug|Any CPU
		{B833C855-7FA2-4B53-87E6-4184F3FB7F0B}.Debug|Any CPU.Build.0 = Debug|Any CPU
		{B833C855-7FA2-4B53-87E6-4184F3FB7F0B}.Release|Any CPU.ActiveCfg = Release|Any CPU
		{B833C855-7FA2-4B53-87E6-4184F3FB7F0B}.Release|Any CPU.Build.0 = Release|Any CPU
	EndGlobalSection
	GlobalSection(SolutionProperties) = preSolution
		HideSolutionNode = FALSE
	EndGlobalSection
	GlobalSection(ExtensibilityGlobals) = postSolution
		SolutionGuid = {4C15BE82-6838-4E72-92AE-043F088044F5}
	EndGlobalSection
EndGlobal
